dependencies:
- name: teleport-kube-agent
  repository: https://charts.releases.teleport.dev
  version: 14.3.0
- name: cloudflare-tunnel-remote
  repository: https://cloudflare.github.io/helm-charts
  version: 0.1.1
digest: sha256:b768972015e265f1ec5de52ba3c109f015356155f49f4580ee0505ff23aa13e1
generated: "2024-01-02T16:46:01.951094-06:00"
