dependencies:
- name: teleport-kube-agent
  repository: https://charts.releases.teleport.dev
  version: 14.3.0
- name: cloudflare-tunnel-remote
  repository: https://cloudflare.github.io/helm-charts
  version: 0.1.1
- name: kube-prometheus-stack
  repository: https://prometheus-community.github.io/helm-charts
  version: 55.5.1
- name: weave-gitops
  repository: https://helm.gitops.weave.works
  version: 4.0.36
- name: cost-analyzer
  repository: https://kubecost.github.io/cost-analyzer
  version: 1.106.5
digest: sha256:7d58267ef289431c3e7c40c18447fd16ca239f89a0d2ff804de14e01d827c28e
generated: "2024-01-03T17:21:42.02816-06:00"
