dependencies:
- name: teleport-kube-agent
  repository: https://charts.releases.teleport.dev
  version: 14.3.0
- name: cloudflare-tunnel-remote
  repository: https://cloudflare.github.io/helm-charts
  version: 0.1.1
- name: kube-prometheus-stack
  repository: https://prometheus-community.github.io/helm-charts
  version: 55.5.1
- name: weave-gitops
  repository: https://helm.gitops.weave.works
  version: 4.0.36
- name: cost-analyzer
  repository: https://kubecost.github.io/cost-analyzer
  version: 1.106.5
- name: nginx
  repository: https://charts.bitnami.com/bitnami
  version: 15.5.3
- name: loki
  repository: https://grafana.github.io/helm-charts
  version: 5.41.4
- name: promtail
  repository: https://grafana.github.io/helm-charts
  version: 6.15.3
- name: metrics-server
  repository: https://kubernetes-sigs.github.io/metrics-server
  version: 3.11.0
- name: kubernetes-dashboard
  repository: https://kubernetes.github.io/dashboard
  version: 6.0.8
- name: helm-dashboard
  repository: https://helm-charts.komodor.io
  version: 0.1.10
digest: sha256:49fcd601066dcca35ec19c2708ddd2722b506d11b90573eece1c5611586d6223
generated: "2024-01-09T08:51:16.126394-06:00"
